// !$*UTF8*$!
{
	archiveVersion = 1;
	classes = {
	};
	objectVersion = 55;
	objects = {

/* Begin PBXBuildFile section */
		239BBC5F293E512600B1482C /* main.m in Sources */ = {isa = PBXBuildFile; fileRef = 239BBC5E293E512600B1482C /* main.m */; };
		239BBC6F293E59FE00B1482C /* ACCargoShip.m in Sources */ = {isa = PBXBuildFile; fileRef = 239BBC6E293E59FE00B1482C /* ACCargoShip.m */; };
		239BBC74293E8A0D00B1482C /* ACStack.m in Sources */ = {isa = PBXBuildFile; fileRef = 239BBC73293E8A0D00B1482C /* ACStack.m */; };
		239BBC78293E93BC00B1482C /* ACInstruction.m in Sources */ = {isa = PBXBuildFile; fileRef = 239BBC77293E93BC00B1482C /* ACInstruction.m */; };
/* End PBXBuildFile section */

/* Begin PBXCopyFilesBuildPhase section */
		239BBC59293E512600B1482C /* CopyFiles */ = {
			isa = PBXCopyFilesBuildPhase;
			buildActionMask = 2147483647;
			dstPath = /usr/share/man/man1/;
			dstSubfolderSpec = 0;
			files = (
			);
			runOnlyForDeploymentPostprocessing = 1;
		};
/* End PBXCopyFilesBuildPhase section */

/* Begin PBXFileReference section */
		239BBC5B293E512600B1482C /* Day 5 */ = {isa = PBXFileReference; explicitFileType = "compiled.mach-o.executable"; includeInIndex = 0; path = "Day 5"; sourceTree = BUILT_PRODUCTS_DIR; };
		239BBC5E293E512600B1482C /* main.m */ = {isa = PBXFileReference; lastKnownFileType = sourcecode.c.objc; path = main.m; sourceTree = "<group>"; };
		239BBC6D293E59FE00B1482C /* ACCargoShip.h */ = {isa = PBXFileReference; lastKnownFileType = sourcecode.c.h; path = ACCargoShip.h; sourceTree = "<group>"; };
		239BBC6E293E59FE00B1482C /* ACCargoShip.m */ = {isa = PBXFileReference; lastKnownFileType = sourcecode.c.objc; path = ACCargoShip.m; sourceTree = "<group>"; };
		239BBC72293E8A0D00B1482C /* ACStack.h */ = {isa = PBXFileReference; lastKnownFileType = sourcecode.c.h; path = ACStack.h; sourceTree = "<group>"; };
		239BBC73293E8A0D00B1482C /* ACStack.m */ = {isa = PBXFileReference; lastKnownFileType = sourcecode.c.objc; path = ACStack.m; sourceTree = "<group>"; };
		239BBC76293E93BC00B1482C /* ACInstruction.h */ = {isa = PBXFileReference; lastKnownFileType = sourcecode.c.h; path = ACInstruction.h; sourceTree = "<group>"; };
		239BBC77293E93BC00B1482C /* ACInstruction.m */ = {isa = PBXFileReference; lastKnownFileType = sourcecode.c.objc; path = ACInstruction.m; sourceTree = "<group>"; };
/* End PBXFileReference section */

/* Begin PBXFrameworksBuildPhase section */
		239BBC58293E512600B1482C /* Frameworks */ = {
			isa = PBXFrameworksBuildPhase;
			buildActionMask = 2147483647;
			files = (
			);
			runOnlyForDeploymentPostprocessing = 0;
		};
/* End PBXFrameworksBuildPhase section */

/* Begin PBXGroup section */
		239BBC52293E512600B1482C = {
			isa = PBXGroup;
			children = (
				239BBC5D293E512600B1482C /* Day 5 */,
				239BBC5C293E512600B1482C /* Products */,
			);
			sourceTree = "<group>";
		};
		239BBC5C293E512600B1482C /* Products */ = {
			isa = PBXGroup;
			children = (
				239BBC5B293E512600B1482C /* Day 5 */,
			);
			name = Products;
			sourceTree = "<group>";
		};
		239BBC5D293E512600B1482C /* Day 5 */ = {
			isa = PBXGroup;
			children = (
				239BBC6C293E59DE00B1482C /* ACCargoShip */,
				239BBC75293E93AB00B1482C /* ACInstruction */,
				239BBC70293E89EC00B1482C /* ACStack */,
				239BBC5E293E512600B1482C /* main.m */,
			);
			path = "Day 5";
			sourceTree = "<group>";
		};
		239BBC6C293E59DE00B1482C /* ACCargoShip */ = {
			isa = PBXGroup;
			children = (
				239BBC6D293E59FE00B1482C /* ACCargoShip.h */,
				239BBC6E293E59FE00B1482C /* ACCargoShip.m */,
			);
			path = ACCargoShip;
			sourceTree = "<group>";
		};
		239BBC70293E89EC00B1482C /* ACStack */ = {
			isa = PBXGroup;
			children = (
				239BBC72293E8A0D00B1482C /* ACStack.h */,
				239BBC73293E8A0D00B1482C /* ACStack.m */,
			);
			path = ACStack;
			sourceTree = "<group>";
		};
		239BBC75293E93AB00B1482C /* ACInstruction */ = {
			isa = PBXGroup;
			children = (
				239BBC76293E93BC00B1482C /* ACInstruction.h */,
				239BBC77293E93BC00B1482C /* ACInstruction.m */,
			);
			path = ACInstruction;
			sourceTree = "<group>";
		};
/* End PBXGroup section */

/* Begin PBXNativeTarget section */
		239BBC5A293E512600B1482C /* Day 5 */ = {
			isa = PBXNativeTarget;
			buildConfigurationList = 239BBC62293E512600B1482C /* Build configuration list for PBXNativeTarget "Day 5" */;
			buildPhases = (
				239BBC57293E512600B1482C /* Sources */,
				239BBC58293E512600B1482C /* Frameworks */,
				239BBC59293E512600B1482C /* CopyFiles */,
			);
			buildRules = (
			);
			dependencies = (
			);
			name = "Day 5";
			productName = "Day 5";
			productReference = 239BBC5B293E512600B1482C /* Day 5 */;
			productType = "com.apple.product-type.tool";
		};
/* End PBXNativeTarget section */

/* Begin PBXProject section */
		239BBC53293E512600B1482C /* Project object */ = {
			isa = PBXProject;
			attributes = {
				BuildIndependentTargetsInParallel = 1;
				LastUpgradeCheck = 1340;
				TargetAttributes = {
					239BBC5A293E512600B1482C = {
						CreatedOnToolsVersion = 13.4;
					};
				};
			};
			buildConfigurationList = 239BBC56293E512600B1482C /* Build configuration list for PBXProject "Day 5" */;
			compatibilityVersion = "Xcode 13.0";
			developmentRegion = en;
			hasScannedForEncodings = 0;
			knownRegions = (
				en,
				Base,
			);
			mainGroup = 239BBC52293E512600B1482C;
			productRefGroup = 239BBC5C293E512600B1482C /* Products */;
			projectDirPath = "";
			projectRoot = "";
			targets = (
				239BBC5A293E512600B1482C /* Day 5 */,
			);
		};
/* End PBXProject section */

/* Begin PBXSourcesBuildPhase section */
		239BBC57293E512600B1482C /* Sources */ = {
			isa = PBXSourcesBuildPhase;
			buildActionMask = 2147483647;
			files = (
				239BBC78293E93BC00B1482C /* ACInstruction.m in Sources */,
				239BBC6F293E59FE00B1482C /* ACCargoShip.m in Sources */,
				239BBC74293E8A0D00B1482C /* ACStack.m in Sources */,
				239BBC5F293E512600B1482C /* main.m in Sources */,
			);
			runOnlyForDeploymentPostprocessing = 0;
		};
/* End PBXSourcesBuildPhase section */

/* Begin XCBuildConfiguration section */
		239BBC60293E512600B1482C /* Debug */ = {
			isa = XCBuildConfiguration;
			buildSettings = {
				ALWAYS_SEARCH_USER_PATHS = NO;
				CLANG_ANALYZER_NONNULL = YES;
				CLANG_ANALYZER_NUMBER_OBJECT_CONVERSION = YES_AGGRESSIVE;
				CLANG_CXX_LANGUAGE_STANDARD = "gnu++17";
				CLANG_ENABLE_MODULES = YES;
				CLANG_ENABLE_OBJC_ARC = YES;
				CLANG_ENABLE_OBJC_WEAK = YES;
				CLANG_WARN_BLOCK_CAPTURE_AUTORELEASING = YES;
				CLANG_WARN_BOOL_CONVERSION = YES;
				CLANG_WARN_COMMA = YES;
				CLANG_WARN_CONSTANT_CONVERSION = YES;
				CLANG_WARN_DEPRECATED_OBJC_IMPLEMENTATIONS = YES;
				CLANG_WARN_DIRECT_OBJC_ISA_USAGE = YES_ERROR;
				CLANG_WARN_DOCUMENTATION_COMMENTS = YES;
				CLANG_WARN_EMPTY_BODY = YES;
				CLANG_WARN_ENUM_CONVERSION = YES;
				CLANG_WARN_INFINITE_RECURSION = YES;
				CLANG_WARN_INT_CONVERSION = YES;
				CLANG_WARN_NON_LITERAL_NULL_CONVERSION = YES;
				CLANG_WARN_OBJC_IMPLICIT_RETAIN_SELF = YES;
				CLANG_WARN_OBJC_LITERAL_CONVERSION = YES;
				CLANG_WARN_OBJC_ROOT_CLASS = YES_ERROR;
				CLANG_WARN_QUOTED_INCLUDE_IN_FRAMEWORK_HEADER = YES;
				CLANG_WARN_RANGE_LOOP_ANALYSIS = YES;
				CLANG_WARN_STRICT_PROTOTYPES = YES;
				CLANG_WARN_SUSPICIOUS_MOVE = YES;
				CLANG_WARN_UNGUARDED_AVAILABILITY = YES_AGGRESSIVE;
				CLANG_WARN_UNREACHABLE_CODE = YES;
				CLANG_WARN__DUPLICATE_METHOD_MATCH = YES;
				COPY_PHASE_STRIP = NO;
				DEBUG_INFORMATION_FORMAT = dwarf;
				ENABLE_STRICT_OBJC_MSGSEND = YES;
				ENABLE_TESTABILITY = YES;
				GCC_C_LANGUAGE_STANDARD = gnu11;
				GCC_DYNAMIC_NO_PIC = NO;
				GCC_NO_COMMON_BLOCKS = YES;
				GCC_OPTIMIZATION_LEVEL = 0;
				GCC_PREPROCESSOR_DEFINITIONS = (
					"DEBUG=1",
					"$(inherited)",
				);
				GCC_WARN_64_TO_32_BIT_CONVERSION = YES;
				GCC_WARN_ABOUT_RETURN_TYPE = YES_ERROR;
				GCC_WARN_UNDECLARED_SELECTOR = YES;
				GCC_WARN_UNINITIALIZED_AUTOS = YES_AGGRESSIVE;
				GCC_WARN_UNUSED_FUNCTION = YES;
				GCC_WARN_UNUSED_VARIABLE = YES;
				MACOSX_DEPLOYMENT_TARGET = 12.3;
				MTL_ENABLE_DEBUG_INFO = INCLUDE_SOURCE;
				MTL_FAST_MATH = YES;
				ONLY_ACTIVE_ARCH = YES;
				SDKROOT = macosx;
			};
			name = Debug;
		};
		239BBC61293E512600B1482C /* Release */ = {
			isa = XCBuildConfiguration;
			buildSettings = {
				ALWAYS_SEARCH_USER_PATHS = NO;
				CLANG_ANALYZER_NONNULL = YES;
				CLANG_ANALYZER_NUMBER_OBJECT_CONVERSION = YES_AGGRESSIVE;
				CLANG_CXX_LANGUAGE_STANDARD = "gnu++17";
				CLANG_ENABLE_MODULES = YES;
				CLANG_ENABLE_OBJC_ARC = YES;
				CLANG_ENABLE_OBJC_WEAK = YES;
				CLANG_WARN_BLOCK_CAPTURE_AUTORELEASING = YES;
				CLANG_WARN_BOOL_CONVERSION = YES;
				CLANG_WARN_COMMA = YES;
				CLANG_WARN_CONSTANT_CONVERSION = YES;
				CLANG_WARN_DEPRECATED_OBJC_IMPLEMENTATIONS = YES;
				CLANG_WARN_DIRECT_OBJC_ISA_USAGE = YES_ERROR;
				CLANG_WARN_DOCUMENTATION_COMMENTS = YES;
				CLANG_WARN_EMPTY_BODY = YES;
				CLANG_WARN_ENUM_CONVERSION = YES;
				CLANG_WARN_INFINITE_RECURSION = YES;
				CLANG_WARN_INT_CONVERSION = YES;
				CLANG_WARN_NON_LITERAL_NULL_CONVERSION = YES;
				CLANG_WARN_OBJC_IMPLICIT_RETAIN_SELF = YES;
				CLANG_WARN_OBJC_LITERAL_CONVERSION = YES;
				CLANG_WARN_OBJC_ROOT_CLASS = YES_ERROR;
				CLANG_WARN_QUOTED_INCLUDE_IN_FRAMEWORK_HEADER = YES;
				CLANG_WARN_RANGE_LOOP_ANALYSIS = YES;
				CLANG_WARN_STRICT_PROTOTYPES = YES;
				CLANG_WARN_SUSPICIOUS_MOVE = YES;
				CLANG_WARN_UNGUARDED_AVAILABILITY = YES_AGGRESSIVE;
				CLANG_WARN_UNREACHABLE_CODE = YES;
				CLANG_WARN__DUPLICATE_METHOD_MATCH = YES;
				COPY_PHASE_STRIP = NO;
				DEBUG_INFORMATION_FORMAT = "dwarf-with-dsym";
				ENABLE_NS_ASSERTIONS = NO;
				ENABLE_STRICT_OBJC_MSGSEND = YES;
				GCC_C_LANGUAGE_STANDARD = gnu11;
				GCC_NO_COMMON_BLOCKS = YES;
				GCC_WARN_64_TO_32_BIT_CONVERSION = YES;
				GCC_WARN_ABOUT_RETURN_TYPE = YES_ERROR;
				GCC_WARN_UNDECLARED_SELECTOR = YES;
				GCC_WARN_UNINITIALIZED_AUTOS = YES_AGGRESSIVE;
				GCC_WARN_UNUSED_FUNCTION = YES;
				GCC_WARN_UNUSED_VARIABLE = YES;
				MACOSX_DEPLOYMENT_TARGET = 12.3;
				MTL_ENABLE_DEBUG_INFO = NO;
				MTL_FAST_MATH = YES;
				SDKROOT = macosx;
			};
			name = Release;
		};
		239BBC63293E512600B1482C /* Debug */ = {
			isa = XCBuildConfiguration;
			buildSettings = {
				CODE_SIGN_STYLE = Automatic;
				PRODUCT_NAME = "$(TARGET_NAME)";
			};
			name = Debug;
		};
		239BBC64293E512600B1482C /* Release */ = {
			isa = XCBuildConfiguration;
			buildSettings = {
				CODE_SIGN_STYLE = Automatic;
				PRODUCT_NAME = "$(TARGET_NAME)";
			};
			name = Release;
		};
/* End XCBuildConfiguration section */

/* Begin XCConfigurationList section */
		239BBC56293E512600B1482C /* Build configuration list for PBXProject "Day 5" */ = {
			isa = XCConfigurationList;
			buildConfigurations = (
				239BBC60293E512600B1482C /* Debug */,
				239BBC61293E512600B1482C /* Release */,
			);
			defaultConfigurationIsVisible = 0;
			defaultConfigurationName = Release;
		};
		239BBC62293E512600B1482C /* Build configuration list for PBXNativeTarget "Day 5" */ = {
			isa = XCConfigurationList;
			buildConfigurations = (
				239BBC63293E512600B1482C /* Debug */,
				239BBC64293E512600B1482C /* Release */,
			);
			defaultConfigurationIsVisible = 0;
			defaultConfigurationName = Release;
		};
/* End XCConfigurationList section */
	};
	rootObject = 239BBC53293E512600B1482C /* Project object */;
}
